// !$*UTF8*$!
{
	archiveVersion = 1;
	classes = {
	};
	objectVersion = 55;
	objects = {

/* Begin PBXBuildFile section */
		4C4C3BD727D458C9007E205B /* AppDelegate.swift in Sources */ = {isa = PBXBuildFile; fileRef = 4C4C3BD627D458C9007E205B /* AppDelegate.swift */; };
		4C4C3BDB27D458C9007E205B /* ViewController.swift in Sources */ = {isa = PBXBuildFile; fileRef = 4C4C3BDA27D458C9007E205B /* ViewController.swift */; };
		4C4C3BE027D458CB007E205B /* Assets.xcassets in Resources */ = {isa = PBXBuildFile; fileRef = 4C4C3BDF27D458CB007E205B /* Assets.xcassets */; };
		4C4C3BE327D458CB007E205B /* LaunchScreen.storyboard in Resources */ = {isa = PBXBuildFile; fileRef = 4C4C3BE127D458CB007E205B /* LaunchScreen.storyboard */; };
		4C4C3BEB27D4A2E7007E205B /* CustomizedTextField.swift in Sources */ = {isa = PBXBuildFile; fileRef = 4C4C3BEA27D4A2E7007E205B /* CustomizedTextField.swift */; };
		4C4C3BEF27D4A328007E205B /* String+Extension.swift in Sources */ = {isa = PBXBuildFile; fileRef = 4C4C3BEE27D4A328007E205B /* String+Extension.swift */; };
		4CFAAADB2AF2F94A0002EBD6 /* MyTableViewController.swift in Sources */ = {isa = PBXBuildFile; fileRef = 4CFAAADA2AF2F94A0002EBD6 /* MyTableViewController.swift */; };
		4CFAAADD2AF328B20002EBD6 /* CongBaseTableViewCell.swift in Sources */ = {isa = PBXBuildFile; fileRef = 4CFAAADC2AF328B20002EBD6 /* CongBaseTableViewCell.swift */; };
		4CFAAADF2AF329C40002EBD6 /* ThemeableElement.swift in Sources */ = {isa = PBXBuildFile; fileRef = 4CFAAADE2AF329C40002EBD6 /* ThemeableElement.swift */; };
		4CFAAAE22AF332500002EBD6 /* CongUIThemeBase.swift in Sources */ = {isa = PBXBuildFile; fileRef = 4CFAAAE12AF332500002EBD6 /* CongUIThemeBase.swift */; };
		4CFAAAE42AF3367D0002EBD6 /* ConstraintHelper.swift in Sources */ = {isa = PBXBuildFile; fileRef = 4CFAAAE32AF3367D0002EBD6 /* ConstraintHelper.swift */; };
		4CFAAAE62AF363BA0002EBD6 /* CongUIColor.swift in Sources */ = {isa = PBXBuildFile; fileRef = 4CFAAAE52AF363BA0002EBD6 /* CongUIColor.swift */; };
		4CFAAAE82AF37E850002EBD6 /* CongUIFont.swift in Sources */ = {isa = PBXBuildFile; fileRef = 4CFAAAE72AF37E850002EBD6 /* CongUIFont.swift */; };
		4CFAAAEA2AF386C10002EBD6 /* ReusableInitStyle.swift in Sources */ = {isa = PBXBuildFile; fileRef = 4CFAAAE92AF386C10002EBD6 /* ReusableInitStyle.swift */; };
		4CFAAAEC2AF3919F0002EBD6 /* CongUIThemeLight.swift in Sources */ = {isa = PBXBuildFile; fileRef = 4CFAAAEB2AF3919F0002EBD6 /* CongUIThemeLight.swift */; };
		4CFAAAEE2AF391BD0002EBD6 /* CongUIThemeDark.swift in Sources */ = {isa = PBXBuildFile; fileRef = 4CFAAAED2AF391BD0002EBD6 /* CongUIThemeDark.swift */; };
/* End PBXBuildFile section */

/* Begin PBXFileReference section */
		4C4C3BD327D458C9007E205B /* TextFieldValidation.app */ = {isa = PBXFileReference; explicitFileType = wrapper.application; includeInIndex = 0; path = TextFieldValidation.app; sourceTree = BUILT_PRODUCTS_DIR; };
		4C4C3BD627D458C9007E205B /* AppDelegate.swift */ = {isa = PBXFileReference; lastKnownFileType = sourcecode.swift; path = AppDelegate.swift; sourceTree = "<group>"; };
		4C4C3BDA27D458C9007E205B /* ViewController.swift */ = {isa = PBXFileReference; lastKnownFileType = sourcecode.swift; path = ViewController.swift; sourceTree = "<group>"; };
		4C4C3BDF27D458CB007E205B /* Assets.xcassets */ = {isa = PBXFileReference; lastKnownFileType = folder.assetcatalog; path = Assets.xcassets; sourceTree = "<group>"; };
		4C4C3BE227D458CB007E205B /* Base */ = {isa = PBXFileReference; lastKnownFileType = file.storyboard; name = Base; path = Base.lproj/LaunchScreen.storyboard; sourceTree = "<group>"; };
		4C4C3BE427D458CB007E205B /* Info.plist */ = {isa = PBXFileReference; lastKnownFileType = text.plist.xml; path = Info.plist; sourceTree = "<group>"; };
		4C4C3BEA27D4A2E7007E205B /* CustomizedTextField.swift */ = {isa = PBXFileReference; lastKnownFileType = sourcecode.swift; path = CustomizedTextField.swift; sourceTree = "<group>"; };
		4C4C3BEE27D4A328007E205B /* String+Extension.swift */ = {isa = PBXFileReference; lastKnownFileType = sourcecode.swift; path = "String+Extension.swift"; sourceTree = "<group>"; };
		4CFAAADA2AF2F94A0002EBD6 /* MyTableViewController.swift */ = {isa = PBXFileReference; lastKnownFileType = sourcecode.swift; path = MyTableViewController.swift; sourceTree = "<group>"; };
		4CFAAADC2AF328B20002EBD6 /* CongBaseTableViewCell.swift */ = {isa = PBXFileReference; lastKnownFileType = sourcecode.swift; path = CongBaseTableViewCell.swift; sourceTree = "<group>"; };
		4CFAAADE2AF329C40002EBD6 /* ThemeableElement.swift */ = {isa = PBXFileReference; lastKnownFileType = sourcecode.swift; path = ThemeableElement.swift; sourceTree = "<group>"; };
		4CFAAAE12AF332500002EBD6 /* CongUIThemeBase.swift */ = {isa = PBXFileReference; lastKnownFileType = sourcecode.swift; path = CongUIThemeBase.swift; sourceTree = "<group>"; };
		4CFAAAE32AF3367D0002EBD6 /* ConstraintHelper.swift */ = {isa = PBXFileReference; lastKnownFileType = sourcecode.swift; path = ConstraintHelper.swift; sourceTree = "<group>"; };
		4CFAAAE52AF363BA0002EBD6 /* CongUIColor.swift */ = {isa = PBXFileReference; lastKnownFileType = sourcecode.swift; path = CongUIColor.swift; sourceTree = "<group>"; };
		4CFAAAE72AF37E850002EBD6 /* CongUIFont.swift */ = {isa = PBXFileReference; lastKnownFileType = sourcecode.swift; path = CongUIFont.swift; sourceTree = "<group>"; };
		4CFAAAE92AF386C10002EBD6 /* ReusableInitStyle.swift */ = {isa = PBXFileReference; lastKnownFileType = sourcecode.swift; path = ReusableInitStyle.swift; sourceTree = "<group>"; };
		4CFAAAEB2AF3919F0002EBD6 /* CongUIThemeLight.swift */ = {isa = PBXFileReference; lastKnownFileType = sourcecode.swift; path = CongUIThemeLight.swift; sourceTree = "<group>"; };
		4CFAAAED2AF391BD0002EBD6 /* CongUIThemeDark.swift */ = {isa = PBXFileReference; lastKnownFileType = sourcecode.swift; path = CongUIThemeDark.swift; sourceTree = "<group>"; };
/* End PBXFileReference section */

/* Begin PBXFrameworksBuildPhase section */
		4C4C3BD027D458C9007E205B /* Frameworks */ = {
			isa = PBXFrameworksBuildPhase;
			buildActionMask = 2147483647;
			files = (
			);
			runOnlyForDeploymentPostprocessing = 0;
		};
/* End PBXFrameworksBuildPhase section */

/* Begin PBXGroup section */
		4C4C3BCA27D458C9007E205B = {
			isa = PBXGroup;
			children = (
				4C4C3BD527D458C9007E205B /* TextFieldValidation */,
				4C4C3BD427D458C9007E205B /* Products */,
			);
			sourceTree = "<group>";
		};
		4C4C3BD427D458C9007E205B /* Products */ = {
			isa = PBXGroup;
			children = (
				4C4C3BD327D458C9007E205B /* TextFieldValidation.app */,
			);
			name = Products;
			sourceTree = "<group>";
		};
		4C4C3BD527D458C9007E205B /* TextFieldValidation */ = {
			isa = PBXGroup;
			children = (
				4C4C3BD627D458C9007E205B /* AppDelegate.swift */,
				4C4C3BDA27D458C9007E205B /* ViewController.swift */,
				4CFAAADA2AF2F94A0002EBD6 /* MyTableViewController.swift */,
				4CFAAAE02AF32A670002EBD6 /* CustomTableView */,
				4C4C3BEE27D4A328007E205B /* String+Extension.swift */,
				4C4C3BEA27D4A2E7007E205B /* CustomizedTextField.swift */,
				4C4C3BDF27D458CB007E205B /* Assets.xcassets */,
				4C4C3BE127D458CB007E205B /* LaunchScreen.storyboard */,
				4C4C3BE427D458CB007E205B /* Info.plist */,
			);
			path = TextFieldValidation;
			sourceTree = "<group>";
		};
		4CFAAAE02AF32A670002EBD6 /* CustomTableView */ = {
			isa = PBXGroup;
			children = (
				4CFAAAE92AF386C10002EBD6 /* ReusableInitStyle.swift */,
				4CFAAADE2AF329C40002EBD6 /* ThemeableElement.swift */,
				4CFAAADC2AF328B20002EBD6 /* CongBaseTableViewCell.swift */,
				4CFAAAE72AF37E850002EBD6 /* CongUIFont.swift */,
				4CFAAAE32AF3367D0002EBD6 /* ConstraintHelper.swift */,
				4CFAAAE52AF363BA0002EBD6 /* CongUIColor.swift */,
				4CFAAAE12AF332500002EBD6 /* CongUIThemeBase.swift */,
				4CFAAAEB2AF3919F0002EBD6 /* CongUIThemeLight.swift */,
				4CFAAAED2AF391BD0002EBD6 /* CongUIThemeDark.swift */,
			);
			path = CustomTableView;
			sourceTree = "<group>";
		};
/* End PBXGroup section */

/* Begin PBXNativeTarget section */
		4C4C3BD227D458C9007E205B /* TextFieldValidation */ = {
			isa = PBXNativeTarget;
			buildConfigurationList = 4C4C3BE727D458CB007E205B /* Build configuration list for PBXNativeTarget "TextFieldValidation" */;
			buildPhases = (
				4C4C3BCF27D458C9007E205B /* Sources */,
				4C4C3BD027D458C9007E205B /* Frameworks */,
				4C4C3BD127D458C9007E205B /* Resources */,
			);
			buildRules = (
			);
			dependencies = (
			);
			name = TextFieldValidation;
			productName = TextFieldValidation;
			productReference = 4C4C3BD327D458C9007E205B /* TextFieldValidation.app */;
			productType = "com.apple.product-type.application";
		};
/* End PBXNativeTarget section */

/* Begin PBXProject section */
		4C4C3BCB27D458C9007E205B /* Project object */ = {
			isa = PBXProject;
			attributes = {
				BuildIndependentTargetsInParallel = 1;
				LastSwiftUpdateCheck = 1320;
				LastUpgradeCheck = 1320;
				TargetAttributes = {
					4C4C3BD227D458C9007E205B = {
						CreatedOnToolsVersion = 13.2.1;
					};
				};
			};
			buildConfigurationList = 4C4C3BCE27D458C9007E205B /* Build configuration list for PBXProject "TextFieldValidation" */;
			compatibilityVersion = "Xcode 13.0";
			developmentRegion = en;
			hasScannedForEncodings = 0;
			knownRegions = (
				en,
				Base,
			);
			mainGroup = 4C4C3BCA27D458C9007E205B;
			productRefGroup = 4C4C3BD427D458C9007E205B /* Products */;
			projectDirPath = "";
			projectRoot = "";
			targets = (
				4C4C3BD227D458C9007E205B /* TextFieldValidation */,
			);
		};
/* End PBXProject section */

/* Begin PBXResourcesBuildPhase section */
		4C4C3BD127D458C9007E205B /* Resources */ = {
			isa = PBXResourcesBuildPhase;
			buildActionMask = 2147483647;
			files = (
				4C4C3BE327D458CB007E205B /* LaunchScreen.storyboard in Resources */,
				4C4C3BE027D458CB007E205B /* Assets.xcassets in Resources */,
			);
			runOnlyForDeploymentPostprocessing = 0;
		};
/* End PBXResourcesBuildPhase section */

/* Begin PBXSourcesBuildPhase section */
		4C4C3BCF27D458C9007E205B /* Sources */ = {
			isa = PBXSourcesBuildPhase;
			buildActionMask = 2147483647;
			files = (
				4CFAAAE42AF3367D0002EBD6 /* ConstraintHelper.swift in Sources */,
				4C4C3BDB27D458C9007E205B /* ViewController.swift in Sources */,
				4CFAAAE62AF363BA0002EBD6 /* CongUIColor.swift in Sources */,
				4C4C3BEB27D4A2E7007E205B /* CustomizedTextField.swift in Sources */,
				4C4C3BEF27D4A328007E205B /* String+Extension.swift in Sources */,
				4CFAAADF2AF329C40002EBD6 /* ThemeableElement.swift in Sources */,
				4CFAAAEA2AF386C10002EBD6 /* ReusableInitStyle.swift in Sources */,
				4CFAAAE82AF37E850002EBD6 /* CongUIFont.swift in Sources */,
				4CFAAADB2AF2F94A0002EBD6 /* MyTableViewController.swift in Sources */,
				4CFAAADD2AF328B20002EBD6 /* CongBaseTableViewCell.swift in Sources */,
				4C4C3BD727D458C9007E205B /* AppDelegate.swift in Sources */,
				4CFAAAE22AF332500002EBD6 /* CongUIThemeBase.swift in Sources */,
				4CFAAAEE2AF391BD0002EBD6 /* CongUIThemeDark.swift in Sources */,
				4CFAAAEC2AF3919F0002EBD6 /* CongUIThemeLight.swift in Sources */,
			);
			runOnlyForDeploymentPostprocessing = 0;
		};
/* End PBXSourcesBuildPhase section */

/* Begin PBXVariantGroup section */
		4C4C3BE127D458CB007E205B /* LaunchScreen.storyboard */ = {
			isa = PBXVariantGroup;
			children = (
				4C4C3BE227D458CB007E205B /* Base */,
			);
			name = LaunchScreen.storyboard;
			sourceTree = "<group>";
		};
/* End PBXVariantGroup section */

/* Begin XCBuildConfiguration section */
		4C4C3BE527D458CB007E205B /* Debug */ = {
			isa = XCBuildConfiguration;
			buildSettings = {
				ALWAYS_SEARCH_USER_PATHS = NO;
				CLANG_ANALYZER_NONNULL = YES;
				CLANG_ANALYZER_NUMBER_OBJECT_CONVERSION = YES_AGGRESSIVE;
				CLANG_CXX_LANGUAGE_STANDARD = "gnu++17";
				CLANG_CXX_LIBRARY = "libc++";
				CLANG_ENABLE_MODULES = YES;
				CLANG_ENABLE_OBJC_ARC = YES;
				CLANG_ENABLE_OBJC_WEAK = YES;
				CLANG_WARN_BLOCK_CAPTURE_AUTORELEASING = YES;
				CLANG_WARN_BOOL_CONVERSION = YES;
				CLANG_WARN_COMMA = YES;
				CLANG_WARN_CONSTANT_CONVERSION = YES;
				CLANG_WARN_DEPRECATED_OBJC_IMPLEMENTATIONS = YES;
				CLANG_WARN_DIRECT_OBJC_ISA_USAGE = YES_ERROR;
				CLANG_WARN_DOCUMENTATION_COMMENTS = YES;
				CLANG_WARN_EMPTY_BODY = YES;
				CLANG_WARN_ENUM_CONVERSION = YES;
				CLANG_WARN_INFINITE_RECURSION = YES;
				CLANG_WARN_INT_CONVERSION = YES;
				CLANG_WARN_NON_LITERAL_NULL_CONVERSION = YES;
				CLANG_WARN_OBJC_IMPLICIT_RETAIN_SELF = YES;
				CLANG_WARN_OBJC_LITERAL_CONVERSION = YES;
				CLANG_WARN_OBJC_ROOT_CLASS = YES_ERROR;
				CLANG_WARN_QUOTED_INCLUDE_IN_FRAMEWORK_HEADER = YES;
				CLANG_WARN_RANGE_LOOP_ANALYSIS = YES;
				CLANG_WARN_STRICT_PROTOTYPES = YES;
				CLANG_WARN_SUSPICIOUS_MOVE = YES;
				CLANG_WARN_UNGUARDED_AVAILABILITY = YES_AGGRESSIVE;
				CLANG_WARN_UNREACHABLE_CODE = YES;
				CLANG_WARN__DUPLICATE_METHOD_MATCH = YES;
				COPY_PHASE_STRIP = NO;
				DEBUG_INFORMATION_FORMAT = dwarf;
				ENABLE_STRICT_OBJC_MSGSEND = YES;
				ENABLE_TESTABILITY = YES;
				GCC_C_LANGUAGE_STANDARD = gnu11;
				GCC_DYNAMIC_NO_PIC = NO;
				GCC_NO_COMMON_BLOCKS = YES;
				GCC_OPTIMIZATION_LEVEL = 0;
				GCC_PREPROCESSOR_DEFINITIONS = (
					"DEBUG=1",
					"$(inherited)",
				);
				GCC_WARN_64_TO_32_BIT_CONVERSION = YES;
				GCC_WARN_ABOUT_RETURN_TYPE = YES_ERROR;
				GCC_WARN_UNDECLARED_SELECTOR = YES;
				GCC_WARN_UNINITIALIZED_AUTOS = YES_AGGRESSIVE;
				GCC_WARN_UNUSED_FUNCTION = YES;
				GCC_WARN_UNUSED_VARIABLE = YES;
				IPHONEOS_DEPLOYMENT_TARGET = 15.2;
				MTL_ENABLE_DEBUG_INFO = INCLUDE_SOURCE;
				MTL_FAST_MATH = YES;
				ONLY_ACTIVE_ARCH = YES;
				SDKROOT = iphoneos;
				SWIFT_ACTIVE_COMPILATION_CONDITIONS = DEBUG;
				SWIFT_OPTIMIZATION_LEVEL = "-Onone";
			};
			name = Debug;
		};
		4C4C3BE627D458CB007E205B /* Release */ = {
			isa = XCBuildConfiguration;
			buildSettings = {
				ALWAYS_SEARCH_USER_PATHS = NO;
				CLANG_ANALYZER_NONNULL = YES;
				CLANG_ANALYZER_NUMBER_OBJECT_CONVERSION = YES_AGGRESSIVE;
				CLANG_CXX_LANGUAGE_STANDARD = "gnu++17";
				CLANG_CXX_LIBRARY = "libc++";
				CLANG_ENABLE_MODULES = YES;
				CLANG_ENABLE_OBJC_ARC = YES;
				CLANG_ENABLE_OBJC_WEAK = YES;
				CLANG_WARN_BLOCK_CAPTURE_AUTORELEASING = YES;
				CLANG_WARN_BOOL_CONVERSION = YES;
				CLANG_WARN_COMMA = YES;
				CLANG_WARN_CONSTANT_CONVERSION = YES;
				CLANG_WARN_DEPRECATED_OBJC_IMPLEMENTATIONS = YES;
				CLANG_WARN_DIRECT_OBJC_ISA_USAGE = YES_ERROR;
				CLANG_WARN_DOCUMENTATION_COMMENTS = YES;
				CLANG_WARN_EMPTY_BODY = YES;
				CLANG_WARN_ENUM_CONVERSION = YES;
				CLANG_WARN_INFINITE_RECURSION = YES;
				CLANG_WARN_INT_CONVERSION = YES;
				CLANG_WARN_NON_LITERAL_NULL_CONVERSION = YES;
				CLANG_WARN_OBJC_IMPLICIT_RETAIN_SELF = YES;
				CLANG_WARN_OBJC_LITERAL_CONVERSION = YES;
				CLANG_WARN_OBJC_ROOT_CLASS = YES_ERROR;
				CLANG_WARN_QUOTED_INCLUDE_IN_FRAMEWORK_HEADER = YES;
				CLANG_WARN_RANGE_LOOP_ANALYSIS = YES;
				CLANG_WARN_STRICT_PROTOTYPES = YES;
				CLANG_WARN_SUSPICIOUS_MOVE = YES;
				CLANG_WARN_UNGUARDED_AVAILABILITY = YES_AGGRESSIVE;
				CLANG_WARN_UNREACHABLE_CODE = YES;
				CLANG_WARN__DUPLICATE_METHOD_MATCH = YES;
				COPY_PHASE_STRIP = NO;
				DEBUG_INFORMATION_FORMAT = "dwarf-with-dsym";
				ENABLE_NS_ASSERTIONS = NO;
				ENABLE_STRICT_OBJC_MSGSEND = YES;
				GCC_C_LANGUAGE_STANDARD = gnu11;
				GCC_NO_COMMON_BLOCKS = YES;
				GCC_WARN_64_TO_32_BIT_CONVERSION = YES;
				GCC_WARN_ABOUT_RETURN_TYPE = YES_ERROR;
				GCC_WARN_UNDECLARED_SELECTOR = YES;
				GCC_WARN_UNINITIALIZED_AUTOS = YES_AGGRESSIVE;
				GCC_WARN_UNUSED_FUNCTION = YES;
				GCC_WARN_UNUSED_VARIABLE = YES;
				IPHONEOS_DEPLOYMENT_TARGET = 15.2;
				MTL_ENABLE_DEBUG_INFO = NO;
				MTL_FAST_MATH = YES;
				SDKROOT = iphoneos;
				SWIFT_COMPILATION_MODE = wholemodule;
				SWIFT_OPTIMIZATION_LEVEL = "-O";
				VALIDATE_PRODUCT = YES;
			};
			name = Release;
		};
		4C4C3BE827D458CB007E205B /* Debug */ = {
			isa = XCBuildConfiguration;
			buildSettings = {
				ASSETCATALOG_COMPILER_APPICON_NAME = AppIcon;
				ASSETCATALOG_COMPILER_GLOBAL_ACCENT_COLOR_NAME = AccentColor;
				CODE_SIGN_STYLE = Automatic;
				CURRENT_PROJECT_VERSION = 1;
				DEVELOPMENT_TEAM = 99WD9D6Y46;
				GENERATE_INFOPLIST_FILE = YES;
				INFOPLIST_FILE = TextFieldValidation/Info.plist;
				INFOPLIST_KEY_UIApplicationSupportsIndirectInputEvents = YES;
				INFOPLIST_KEY_UILaunchStoryboardName = LaunchScreen;
				INFOPLIST_KEY_UISupportedInterfaceOrientations = UIInterfaceOrientationPortrait;
				INFOPLIST_KEY_UISupportedInterfaceOrientations_iPad = "UIInterfaceOrientationPortrait UIInterfaceOrientationPortraitUpsideDown UIInterfaceOrientationLandscapeLeft UIInterfaceOrientationLandscapeRight";
				INFOPLIST_KEY_UISupportedInterfaceOrientations_iPhone = "UIInterfaceOrientationPortrait UIInterfaceOrientationLandscapeLeft UIInterfaceOrientationLandscapeRight";
				LD_RUNPATH_SEARCH_PATHS = (
					"$(inherited)",
					"@executable_path/Frameworks",
				);
				MARKETING_VERSION = 1.0;
				PRODUCT_BUNDLE_IDENTIFIER = com.CongLeSolutionX.TextFieldValidation;
				PRODUCT_NAME = "$(TARGET_NAME)";
				SWIFT_EMIT_LOC_STRINGS = YES;
				SWIFT_VERSION = 5.0;
				TARGETED_DEVICE_FAMILY = "1,2";
			};
			name = Debug;
		};
		4C4C3BE927D458CB007E205B /* Release */ = {
			isa = XCBuildConfiguration;
			buildSettings = {
				ASSETCATALOG_COMPILER_APPICON_NAME = AppIcon;
				ASSETCATALOG_COMPILER_GLOBAL_ACCENT_COLOR_NAME = AccentColor;
				CODE_SIGN_STYLE = Automatic;
				CURRENT_PROJECT_VERSION = 1;
				DEVELOPMENT_TEAM = 99WD9D6Y46;
				GENERATE_INFOPLIST_FILE = YES;
				INFOPLIST_FILE = TextFieldValidation/Info.plist;
				INFOPLIST_KEY_UIApplicationSupportsIndirectInputEvents = YES;
				INFOPLIST_KEY_UILaunchStoryboardName = LaunchScreen;
				INFOPLIST_KEY_UISupportedInterfaceOrientations = UIInterfaceOrientationPortrait;
				INFOPLIST_KEY_UISupportedInterfaceOrientations_iPad = "UIInterfaceOrientationPortrait UIInterfaceOrientationPortraitUpsideDown UIInterfaceOrientationLandscapeLeft UIInterfaceOrientationLandscapeRight";
				INFOPLIST_KEY_UISupportedInterfaceOrientations_iPhone = "UIInterfaceOrientationPortrait UIInterfaceOrientationLandscapeLeft UIInterfaceOrientationLandscapeRight";
				LD_RUNPATH_SEARCH_PATHS = (
					"$(inherited)",
					"@executable_path/Frameworks",
				);
				MARKETING_VERSION = 1.0;
				PRODUCT_BUNDLE_IDENTIFIER = com.CongLeSolutionX.TextFieldValidation;
				PRODUCT_NAME = "$(TARGET_NAME)";
				SWIFT_EMIT_LOC_STRINGS = YES;
				SWIFT_VERSION = 5.0;
				TARGETED_DEVICE_FAMILY = "1,2";
			};
			name = Release;
		};
/* End XCBuildConfiguration section */

/* Begin XCConfigurationList section */
		4C4C3BCE27D458C9007E205B /* Build configuration list for PBXProject "TextFieldValidation" */ = {
			isa = XCConfigurationList;
			buildConfigurations = (
				4C4C3BE527D458CB007E205B /* Debug */,
				4C4C3BE627D458CB007E205B /* Release */,
			);
			defaultConfigurationIsVisible = 0;
			defaultConfigurationName = Release;
		};
		4C4C3BE727D458CB007E205B /* Build configuration list for PBXNativeTarget "TextFieldValidation" */ = {
			isa = XCConfigurationList;
			buildConfigurations = (
				4C4C3BE827D458CB007E205B /* Debug */,
				4C4C3BE927D458CB007E205B /* Release */,
			);
			defaultConfigurationIsVisible = 0;
			defaultConfigurationName = Release;
		};
/* End XCConfigurationList section */
	};
	rootObject = 4C4C3BCB27D458C9007E205B /* Project object */;
}
